packages:
  apb:
    revision: 77ddf073f194d44b9119949d2421be59789e69ae
    version: 0.2.4
    source:
      Git: https://github.com/pulp-platform/apb.git
    dependencies:
    - common_cells
  axi:
    revision: fccffb5953ec8564218ba05e20adbedec845e014
    version: 0.39.1
    source:
      Git: https://github.com/pulp-platform/axi.git
    dependencies:
    - common_cells
    - common_verification
    - tech_cells_generic
  cluster_interconnect:
    revision: 7d0a4f8acae71a583a6713cab5554e60b9bb8d27
    version: 1.2.1
    source:
      Git: https://github.com/pulp-platform/cluster_interconnect.git
    dependencies:
    - common_cells
  common_cells:
    revision: 2bd027cb87eaa9bf7d17196ec5f69864b35b630f
    version: 1.32.0
    source:
      Git: https://github.com/pulp-platform/common_cells.git
    dependencies:
    - common_verification
    - tech_cells_generic
  common_verification:
    revision: 9c07fa860593b2caabd9b5681740c25fac04b878
    version: 0.2.3
    source:
      Git: https://github.com/pulp-platform/common_verification.git
    dependencies: []
  idma:
    revision: 2ee97a360169772ae18a17d5de4cd4480a6d4804
    version: null
    source:
      Git: https://github.com/pulp-platform/idma.git
    dependencies:
    - axi
    - common_cells
    - common_verification
    - idma_gen
    - register_interface
  idma_gen:
    revision: null
    version: null
    source:
      Path: .bender/git/checkouts/idma-396ace041faa08d8/target/rtl
    dependencies: []
  register_interface:
    revision: d7693be4aef1fc7e7eb2b00b41c42e87d959866c
    version: 0.4.2
    source:
      Git: https://github.com/pulp-platform/register_interface.git
    dependencies:
    - apb
    - axi
    - common_cells
    - common_verification
  tech_cells_generic:
    revision: 7968dd6e6180df2c644636bc6d2908a49f2190cf
    version: 0.2.13
    source:
      Git: https://github.com/pulp-platform/tech_cells_generic.git
    dependencies:
    - common_verification
